# THIS IS AN AUTOGENERATED FILE. DO NOT EDIT THIS FILE DIRECTLY.
# yarn lockfile v1


"new-hope@file:../new-hope":
  "resolved" "file:../new-hope"
  "version" "1.0.0"
  dependencies:
    "@markdoc/markdoc" "0.1.2"
    "chokidar" "^3.5.2"
    "colorette" "^2.0.16"
    "enquirer" "^2.3.6"
    "esbuild" "^0.14.9"
    "fuse.js" "^6.6.1"
    "github-slugger" "^1.4.0"
    "gray-matter" "^4.0.3"
    "is-url" "^1.2.4"
    "js-yaml" "^4.1.0"
    "lodash.throttle" "^4.1.1"
    "mobx" "^6.3.12"
    "mri" "^1.2.0"
    "mustache" "^4.2.0"
    "nanoid" "^3.3.1"
    "picomatch" "^2.3.1"
    "polished" "^4.1.3"
    "prismjs" "^1.26.0"
    "sync-fetch" "^0.3.1"
    "typesense" "^1.2.2"
    "url" "^0.11.0"
    "ws" "^8.2.3"
